
Microsoft Visual Studio Solution File, Format Version 12.00
# Visual Studio Version 17
VisualStudioVersion = 17.0.32112.339
MinimumVisualStudioVersion = 10.0.40219.1
Project("{FAE04EC0-301F-11D3-BF4B-00C04F79EFBC}") = "PracticeLinq", "PracticeLinq.csproj", "{BDFBA909-7022-4074-9502-9A3050F3BEC9}"
EndProject
Global
	GlobalSection(SolutionConfigurationPlatforms) = preSolution
		Debug|Any CPU = Debug|Any CPU
		Release|Any CPU = Release|Any CPU
	EndGlobalSection
	GlobalSection(ProjectConfigurationPlatforms) = postSolution
		{BDFBA909-7022-4074-9502-9A3050F3BEC9}.Debug|Any CPU.ActiveCfg = Debug|Any CPU
		{BDFBA909-7022-4074-9502-9A3050F3BEC9}.Debug|Any CPU.Build.0 = Debug|Any CPU
		{BDFBA909-7022-4074-9502-9A3050F3BEC9}.Release|Any CPU.ActiveCfg = Release|Any CPU
		{BDFBA909-7022-4074-9502-9A3050F3BEC9}.Release|Any CPU.Build.0 = Release|Any CPU
	EndGlobalSection
	GlobalSection(SolutionProperties) = preSolution
		HideSolutionNode = FALSE
	EndGlobalSection
	GlobalSection(ExtensibilityGlobals) = postSolution
		SolutionGuid = {E1FD309A-FFED-4922-8D88-AF1E73C40251}
	EndGlobalSection
EndGlobal
